// !$*UTF8*$!
{
	archiveVersion = 1;
	classes = {
	};
	objectVersion = 56;
	objects = {

/* Begin PBXBuildFile section */
		F98AE6E12AA64E320064A4DA /* Aula3App.swift in Sources */ = {isa = PBXBuildFile; fileRef = F98AE6E02AA64E320064A4DA /* Aula3App.swift */; };
		F98AE6E32AA64E320064A4DA /* Main.swift in Sources */ = {isa = PBXBuildFile; fileRef = F98AE6E22AA64E320064A4DA /* Main.swift */; };
		F98AE6E52AA64E340064A4DA /* Assets.xcassets in Resources */ = {isa = PBXBuildFile; fileRef = F98AE6E42AA64E340064A4DA /* Assets.xcassets */; };
		F98AE6E82AA64E340064A4DA /* Preview Assets.xcassets in Resources */ = {isa = PBXBuildFile; fileRef = F98AE6E72AA64E340064A4DA /* Preview Assets.xcassets */; };
		F98AE6EF2AA64E5B0064A4DA /* Home.swift in Sources */ = {isa = PBXBuildFile; fileRef = F98AE6EE2AA64E5B0064A4DA /* Home.swift */; };
		F98AE6F12AA64EF20064A4DA /* Search.swift in Sources */ = {isa = PBXBuildFile; fileRef = F98AE6F02AA64EF20064A4DA /* Search.swift */; };
		F98AE6F32AA64F0E0064A4DA /* Photos.swift in Sources */ = {isa = PBXBuildFile; fileRef = F98AE6F22AA64F0E0064A4DA /* Photos.swift */; };
		F98AE6F52AA64F260064A4DA /* Messeges.swift in Sources */ = {isa = PBXBuildFile; fileRef = F98AE6F42AA64F260064A4DA /* Messeges.swift */; };
		F98AE6F72AA64F730064A4DA /* Profile.swift in Sources */ = {isa = PBXBuildFile; fileRef = F98AE6F62AA64F730064A4DA /* Profile.swift */; };
/* End PBXBuildFile section */

/* Begin PBXFileReference section */
		F98AE6DD2AA64E320064A4DA /* Aula3.app */ = {isa = PBXFileReference; explicitFileType = wrapper.application; includeInIndex = 0; path = Aula3.app; sourceTree = BUILT_PRODUCTS_DIR; };
		F98AE6E02AA64E320064A4DA /* Aula3App.swift */ = {isa = PBXFileReference; lastKnownFileType = sourcecode.swift; path = Aula3App.swift; sourceTree = "<group>"; };
		F98AE6E22AA64E320064A4DA /* Main.swift */ = {isa = PBXFileReference; lastKnownFileType = sourcecode.swift; path = Main.swift; sourceTree = "<group>"; };
		F98AE6E42AA64E340064A4DA /* Assets.xcassets */ = {isa = PBXFileReference; lastKnownFileType = folder.assetcatalog; path = Assets.xcassets; sourceTree = "<group>"; };
		F98AE6E72AA64E340064A4DA /* Preview Assets.xcassets */ = {isa = PBXFileReference; lastKnownFileType = folder.assetcatalog; path = "Preview Assets.xcassets"; sourceTree = "<group>"; };
		F98AE6EE2AA64E5B0064A4DA /* Home.swift */ = {isa = PBXFileReference; lastKnownFileType = sourcecode.swift; path = Home.swift; sourceTree = "<group>"; };
		F98AE6F02AA64EF20064A4DA /* Search.swift */ = {isa = PBXFileReference; lastKnownFileType = sourcecode.swift; path = Search.swift; sourceTree = "<group>"; };
		F98AE6F22AA64F0E0064A4DA /* Photos.swift */ = {isa = PBXFileReference; lastKnownFileType = sourcecode.swift; path = Photos.swift; sourceTree = "<group>"; };
		F98AE6F42AA64F260064A4DA /* Messeges.swift */ = {isa = PBXFileReference; lastKnownFileType = sourcecode.swift; path = Messeges.swift; sourceTree = "<group>"; };
		F98AE6F62AA64F730064A4DA /* Profile.swift */ = {isa = PBXFileReference; lastKnownFileType = sourcecode.swift; path = Profile.swift; sourceTree = "<group>"; };
/* End PBXFileReference section */

/* Begin PBXFrameworksBuildPhase section */
		F98AE6DA2AA64E320064A4DA /* Frameworks */ = {
			isa = PBXFrameworksBuildPhase;
			buildActionMask = 2147483647;
			files = (
			);
			runOnlyForDeploymentPostprocessing = 0;
		};
/* End PBXFrameworksBuildPhase section */

/* Begin PBXGroup section */
		F98AE6D42AA64E320064A4DA = {
			isa = PBXGroup;
			children = (
				F98AE6DF2AA64E320064A4DA /* Aula3 */,
				F98AE6DE2AA64E320064A4DA /* Products */,
			);
			sourceTree = "<group>";
		};
		F98AE6DE2AA64E320064A4DA /* Products */ = {
			isa = PBXGroup;
			children = (
				F98AE6DD2AA64E320064A4DA /* Aula3.app */,
			);
			name = Products;
			sourceTree = "<group>";
		};
		F98AE6DF2AA64E320064A4DA /* Aula3 */ = {
			isa = PBXGroup;
			children = (
				F98AE6EE2AA64E5B0064A4DA /* Home.swift */,
				F98AE6F02AA64EF20064A4DA /* Search.swift */,
				F98AE6F22AA64F0E0064A4DA /* Photos.swift */,
				F98AE6F42AA64F260064A4DA /* Messeges.swift */,
				F98AE6F62AA64F730064A4DA /* Profile.swift */,
				F98AE6E02AA64E320064A4DA /* Aula3App.swift */,
				F98AE6E22AA64E320064A4DA /* Main.swift */,
				F98AE6E42AA64E340064A4DA /* Assets.xcassets */,
				F98AE6E62AA64E340064A4DA /* Preview Content */,
			);
			path = Aula3;
			sourceTree = "<group>";
		};
		F98AE6E62AA64E340064A4DA /* Preview Content */ = {
			isa = PBXGroup;
			children = (
				F98AE6E72AA64E340064A4DA /* Preview Assets.xcassets */,
			);
			path = "Preview Content";
			sourceTree = "<group>";
		};
/* End PBXGroup section */

/* Begin PBXNativeTarget section */
		F98AE6DC2AA64E320064A4DA /* Aula3 */ = {
			isa = PBXNativeTarget;
			buildConfigurationList = F98AE6EB2AA64E340064A4DA /* Build configuration list for PBXNativeTarget "Aula3" */;
			buildPhases = (
				F98AE6D92AA64E320064A4DA /* Sources */,
				F98AE6DA2AA64E320064A4DA /* Frameworks */,
				F98AE6DB2AA64E320064A4DA /* Resources */,
			);
			buildRules = (
			);
			dependencies = (
			);
			name = Aula3;
			productName = Aula3;
			productReference = F98AE6DD2AA64E320064A4DA /* Aula3.app */;
			productType = "com.apple.product-type.application";
		};
/* End PBXNativeTarget section */

/* Begin PBXProject section */
		F98AE6D52AA64E320064A4DA /* Project object */ = {
			isa = PBXProject;
			attributes = {
				BuildIndependentTargetsInParallel = 1;
				LastSwiftUpdateCheck = 1420;
				LastUpgradeCheck = 1420;
				TargetAttributes = {
					F98AE6DC2AA64E320064A4DA = {
						CreatedOnToolsVersion = 14.2;
					};
				};
			};
			buildConfigurationList = F98AE6D82AA64E320064A4DA /* Build configuration list for PBXProject "Aula3" */;
			compatibilityVersion = "Xcode 14.0";
			developmentRegion = en;
			hasScannedForEncodings = 0;
			knownRegions = (
				en,
				Base,
			);
			mainGroup = F98AE6D42AA64E320064A4DA;
			productRefGroup = F98AE6DE2AA64E320064A4DA /* Products */;
			projectDirPath = "";
			projectRoot = "";
			targets = (
				F98AE6DC2AA64E320064A4DA /* Aula3 */,
			);
		};
/* End PBXProject section */

/* Begin PBXResourcesBuildPhase section */
		F98AE6DB2AA64E320064A4DA /* Resources */ = {
			isa = PBXResourcesBuildPhase;
			buildActionMask = 2147483647;
			files = (
				F98AE6E82AA64E340064A4DA /* Preview Assets.xcassets in Resources */,
				F98AE6E52AA64E340064A4DA /* Assets.xcassets in Resources */,
			);
			runOnlyForDeploymentPostprocessing = 0;
		};
/* End PBXResourcesBuildPhase section */

/* Begin PBXSourcesBuildPhase section */
		F98AE6D92AA64E320064A4DA /* Sources */ = {
			isa = PBXSourcesBuildPhase;
			buildActionMask = 2147483647;
			files = (
				F98AE6E32AA64E320064A4DA /* Main.swift in Sources */,
				F98AE6F12AA64EF20064A4DA /* Search.swift in Sources */,
				F98AE6EF2AA64E5B0064A4DA /* Home.swift in Sources */,
				F98AE6F72AA64F730064A4DA /* Profile.swift in Sources */,
				F98AE6F52AA64F260064A4DA /* Messeges.swift in Sources */,
				F98AE6F32AA64F0E0064A4DA /* Photos.swift in Sources */,
				F98AE6E12AA64E320064A4DA /* Aula3App.swift in Sources */,
			);
			runOnlyForDeploymentPostprocessing = 0;
		};
/* End PBXSourcesBuildPhase section */

/* Begin XCBuildConfiguration section */
		F98AE6E92AA64E340064A4DA /* Debug */ = {
			isa = XCBuildConfiguration;
			buildSettings = {
				ALWAYS_SEARCH_USER_PATHS = NO;
				CLANG_ANALYZER_NONNULL = YES;
				CLANG_ANALYZER_NUMBER_OBJECT_CONVERSION = YES_AGGRESSIVE;
				CLANG_CXX_LANGUAGE_STANDARD = "gnu++20";
				CLANG_ENABLE_MODULES = YES;
				CLANG_ENABLE_OBJC_ARC = YES;
				CLANG_ENABLE_OBJC_WEAK = YES;
				CLANG_WARN_BLOCK_CAPTURE_AUTORELEASING = YES;
				CLANG_WARN_BOOL_CONVERSION = YES;
				CLANG_WARN_COMMA = YES;
				CLANG_WARN_CONSTANT_CONVERSION = YES;
				CLANG_WARN_DEPRECATED_OBJC_IMPLEMENTATIONS = YES;
				CLANG_WARN_DIRECT_OBJC_ISA_USAGE = YES_ERROR;
				CLANG_WARN_DOCUMENTATION_COMMENTS = YES;
				CLANG_WARN_EMPTY_BODY = YES;
				CLANG_WARN_ENUM_CONVERSION = YES;
				CLANG_WARN_INFINITE_RECURSION = YES;
				CLANG_WARN_INT_CONVERSION = YES;
				CLANG_WARN_NON_LITERAL_NULL_CONVERSION = YES;
				CLANG_WARN_OBJC_IMPLICIT_RETAIN_SELF = YES;
				CLANG_WARN_OBJC_LITERAL_CONVERSION = YES;
				CLANG_WARN_OBJC_ROOT_CLASS = YES_ERROR;
				CLANG_WARN_QUOTED_INCLUDE_IN_FRAMEWORK_HEADER = YES;
				CLANG_WARN_RANGE_LOOP_ANALYSIS = YES;
				CLANG_WARN_STRICT_PROTOTYPES = YES;
				CLANG_WARN_SUSPICIOUS_MOVE = YES;
				CLANG_WARN_UNGUARDED_AVAILABILITY = YES_AGGRESSIVE;
				CLANG_WARN_UNREACHABLE_CODE = YES;
				CLANG_WARN__DUPLICATE_METHOD_MATCH = YES;
				COPY_PHASE_STRIP = NO;
				DEBUG_INFORMATION_FORMAT = dwarf;
				ENABLE_STRICT_OBJC_MSGSEND = YES;
				ENABLE_TESTABILITY = YES;
				GCC_C_LANGUAGE_STANDARD = gnu11;
				GCC_DYNAMIC_NO_PIC = NO;
				GCC_NO_COMMON_BLOCKS = YES;
				GCC_OPTIMIZATION_LEVEL = 0;
				GCC_PREPROCESSOR_DEFINITIONS = (
					"DEBUG=1",
					"$(inherited)",
				);
				GCC_WARN_64_TO_32_BIT_CONVERSION = YES;
				GCC_WARN_ABOUT_RETURN_TYPE = YES_ERROR;
				GCC_WARN_UNDECLARED_SELECTOR = YES;
				GCC_WARN_UNINITIALIZED_AUTOS = YES_AGGRESSIVE;
				GCC_WARN_UNUSED_FUNCTION = YES;
				GCC_WARN_UNUSED_VARIABLE = YES;
				IPHONEOS_DEPLOYMENT_TARGET = 16.2;
				MTL_ENABLE_DEBUG_INFO = INCLUDE_SOURCE;
				MTL_FAST_MATH = YES;
				ONLY_ACTIVE_ARCH = YES;
				SDKROOT = iphoneos;
				SWIFT_ACTIVE_COMPILATION_CONDITIONS = DEBUG;
				SWIFT_OPTIMIZATION_LEVEL = "-Onone";
			};
			name = Debug;
		};
		F98AE6EA2AA64E340064A4DA /* Release */ = {
			isa = XCBuildConfiguration;
			buildSettings = {
				ALWAYS_SEARCH_USER_PATHS = NO;
				CLANG_ANALYZER_NONNULL = YES;
				CLANG_ANALYZER_NUMBER_OBJECT_CONVERSION = YES_AGGRESSIVE;
				CLANG_CXX_LANGUAGE_STANDARD = "gnu++20";
				CLANG_ENABLE_MODULES = YES;
				CLANG_ENABLE_OBJC_ARC = YES;
				CLANG_ENABLE_OBJC_WEAK = YES;
				CLANG_WARN_BLOCK_CAPTURE_AUTORELEASING = YES;
				CLANG_WARN_BOOL_CONVERSION = YES;
				CLANG_WARN_COMMA = YES;
				CLANG_WARN_CONSTANT_CONVERSION = YES;
				CLANG_WARN_DEPRECATED_OBJC_IMPLEMENTATIONS = YES;
				CLANG_WARN_DIRECT_OBJC_ISA_USAGE = YES_ERROR;
				CLANG_WARN_DOCUMENTATION_COMMENTS = YES;
				CLANG_WARN_EMPTY_BODY = YES;
				CLANG_WARN_ENUM_CONVERSION = YES;
				CLANG_WARN_INFINITE_RECURSION = YES;
				CLANG_WARN_INT_CONVERSION = YES;
				CLANG_WARN_NON_LITERAL_NULL_CONVERSION = YES;
				CLANG_WARN_OBJC_IMPLICIT_RETAIN_SELF = YES;
				CLANG_WARN_OBJC_LITERAL_CONVERSION = YES;
				CLANG_WARN_OBJC_ROOT_CLASS = YES_ERROR;
				CLANG_WARN_QUOTED_INCLUDE_IN_FRAMEWORK_HEADER = YES;
				CLANG_WARN_RANGE_LOOP_ANALYSIS = YES;
				CLANG_WARN_STRICT_PROTOTYPES = YES;
				CLANG_WARN_SUSPICIOUS_MOVE = YES;
				CLANG_WARN_UNGUARDED_AVAILABILITY = YES_AGGRESSIVE;
				CLANG_WARN_UNREACHABLE_CODE = YES;
				CLANG_WARN__DUPLICATE_METHOD_MATCH = YES;
				COPY_PHASE_STRIP = NO;
				DEBUG_INFORMATION_FORMAT = "dwarf-with-dsym";
				ENABLE_NS_ASSERTIONS = NO;
				ENABLE_STRICT_OBJC_MSGSEND = YES;
				GCC_C_LANGUAGE_STANDARD = gnu11;
				GCC_NO_COMMON_BLOCKS = YES;
				GCC_WARN_64_TO_32_BIT_CONVERSION = YES;
				GCC_WARN_ABOUT_RETURN_TYPE = YES_ERROR;
				GCC_WARN_UNDECLARED_SELECTOR = YES;
				GCC_WARN_UNINITIALIZED_AUTOS = YES_AGGRESSIVE;
				GCC_WARN_UNUSED_FUNCTION = YES;
				GCC_WARN_UNUSED_VARIABLE = YES;
				IPHONEOS_DEPLOYMENT_TARGET = 16.2;
				MTL_ENABLE_DEBUG_INFO = NO;
				MTL_FAST_MATH = YES;
				SDKROOT = iphoneos;
				SWIFT_COMPILATION_MODE = wholemodule;
				SWIFT_OPTIMIZATION_LEVEL = "-O";
				VALIDATE_PRODUCT = YES;
			};
			name = Release;
		};
		F98AE6EC2AA64E340064A4DA /* Debug */ = {
			isa = XCBuildConfiguration;
			buildSettings = {
				ASSETCATALOG_COMPILER_APPICON_NAME = AppIcon;
				ASSETCATALOG_COMPILER_GLOBAL_ACCENT_COLOR_NAME = AccentColor;
				CODE_SIGN_STYLE = Automatic;
				CURRENT_PROJECT_VERSION = 1;
				DEVELOPMENT_ASSET_PATHS = "\"Aula3/Preview Content\"";
				ENABLE_PREVIEWS = YES;
				GENERATE_INFOPLIST_FILE = YES;
				INFOPLIST_KEY_UIApplicationSceneManifest_Generation = YES;
				INFOPLIST_KEY_UIApplicationSupportsIndirectInputEvents = YES;
				INFOPLIST_KEY_UILaunchScreen_Generation = YES;
				INFOPLIST_KEY_UISupportedInterfaceOrientations_iPad = "UIInterfaceOrientationPortrait UIInterfaceOrientationPortraitUpsideDown UIInterfaceOrientationLandscapeLeft UIInterfaceOrientationLandscapeRight";
				INFOPLIST_KEY_UISupportedInterfaceOrientations_iPhone = "UIInterfaceOrientationPortrait UIInterfaceOrientationLandscapeLeft UIInterfaceOrientationLandscapeRight";
				LD_RUNPATH_SEARCH_PATHS = (
					"$(inherited)",
					"@executable_path/Frameworks",
				);
				MARKETING_VERSION = 1.0;
				PRODUCT_BUNDLE_IDENTIFIER = Kauan.Aula3;
				PRODUCT_NAME = "$(TARGET_NAME)";
				SWIFT_EMIT_LOC_STRINGS = YES;
				SWIFT_VERSION = 5.0;
				TARGETED_DEVICE_FAMILY = "1,2";
			};
			name = Debug;
		};
		F98AE6ED2AA64E340064A4DA /* Release */ = {
			isa = XCBuildConfiguration;
			buildSettings = {
				ASSETCATALOG_COMPILER_APPICON_NAME = AppIcon;
				ASSETCATALOG_COMPILER_GLOBAL_ACCENT_COLOR_NAME = AccentColor;
				CODE_SIGN_STYLE = Automatic;
				CURRENT_PROJECT_VERSION = 1;
				DEVELOPMENT_ASSET_PATHS = "\"Aula3/Preview Content\"";
				ENABLE_PREVIEWS = YES;
				GENERATE_INFOPLIST_FILE = YES;
				INFOPLIST_KEY_UIApplicationSceneManifest_Generation = YES;
				INFOPLIST_KEY_UIApplicationSupportsIndirectInputEvents = YES;
				INFOPLIST_KEY_UILaunchScreen_Generation = YES;
				INFOPLIST_KEY_UISupportedInterfaceOrientations_iPad = "UIInterfaceOrientationPortrait UIInterfaceOrientationPortraitUpsideDown UIInterfaceOrientationLandscapeLeft UIInterfaceOrientationLandscapeRight";
				INFOPLIST_KEY_UISupportedInterfaceOrientations_iPhone = "UIInterfaceOrientationPortrait UIInterfaceOrientationLandscapeLeft UIInterfaceOrientationLandscapeRight";
				LD_RUNPATH_SEARCH_PATHS = (
					"$(inherited)",
					"@executable_path/Frameworks",
				);
				MARKETING_VERSION = 1.0;
				PRODUCT_BUNDLE_IDENTIFIER = Kauan.Aula3;
				PRODUCT_NAME = "$(TARGET_NAME)";
				SWIFT_EMIT_LOC_STRINGS = YES;
				SWIFT_VERSION = 5.0;
				TARGETED_DEVICE_FAMILY = "1,2";
			};
			name = Release;
		};
/* End XCBuildConfiguration section */

/* Begin XCConfigurationList section */
		F98AE6D82AA64E320064A4DA /* Build configuration list for PBXProject "Aula3" */ = {
			isa = XCConfigurationList;
			buildConfigurations = (
				F98AE6E92AA64E340064A4DA /* Debug */,
				F98AE6EA2AA64E340064A4DA /* Release */,
			);
			defaultConfigurationIsVisible = 0;
			defaultConfigurationName = Release;
		};
		F98AE6EB2AA64E340064A4DA /* Build configuration list for PBXNativeTarget "Aula3" */ = {
			isa = XCConfigurationList;
			buildConfigurations = (
				F98AE6EC2AA64E340064A4DA /* Debug */,
				F98AE6ED2AA64E340064A4DA /* Release */,
			);
			defaultConfigurationIsVisible = 0;
			defaultConfigurationName = Release;
		};
/* End XCConfigurationList section */
	};
	rootObject = F98AE6D52AA64E320064A4DA /* Project object */;
}
